
Microsoft Visual Studio Solution File, Format Version 12.00
Project("{FAE04EC0-301F-11D3-BF4B-00C04F79EFBC}") = "Calculator", "Calculator\Calculator.csproj", "{E63AD135-102C-4384-91CC-18AC00F06E1B}"
EndProject
Project("{FAE04EC0-301F-11D3-BF4B-00C04F79EFBC}") = "UnitTest", "UnitTest\UnitTest.csproj", "{A41B5175-7700-477E-B05C-785453675A93}"
EndProject
Project("{FAE04EC0-301F-11D3-BF4B-00C04F79EFBC}") = "XUnitTest", "XUnitTest\XUnitTest.csproj", "{345B822A-CA9E-4EEC-AA51-46C99AE350DD}"
EndProject
Global
	GlobalSection(SolutionConfigurationPlatforms) = preSolution
		Debug|Any CPU = Debug|Any CPU
		Release|Any CPU = Release|Any CPU
	EndGlobalSection
	GlobalSection(ProjectConfigurationPlatforms) = postSolution
		{E63AD135-102C-4384-91CC-18AC00F06E1B}.Debug|Any CPU.ActiveCfg = Debug|Any CPU
		{E63AD135-102C-4384-91CC-18AC00F06E1B}.Debug|Any CPU.Build.0 = Debug|Any CPU
		{E63AD135-102C-4384-91CC-18AC00F06E1B}.Release|Any CPU.ActiveCfg = Release|Any CPU
		{E63AD135-102C-4384-91CC-18AC00F06E1B}.Release|Any CPU.Build.0 = Release|Any CPU
		{A41B5175-7700-477E-B05C-785453675A93}.Debug|Any CPU.ActiveCfg = Debug|Any CPU
		{A41B5175-7700-477E-B05C-785453675A93}.Debug|Any CPU.Build.0 = Debug|Any CPU
		{A41B5175-7700-477E-B05C-785453675A93}.Release|Any CPU.ActiveCfg = Release|Any CPU
		{A41B5175-7700-477E-B05C-785453675A93}.Release|Any CPU.Build.0 = Release|Any CPU
		{345B822A-CA9E-4EEC-AA51-46C99AE350DD}.Debug|Any CPU.ActiveCfg = Debug|Any CPU
		{345B822A-CA9E-4EEC-AA51-46C99AE350DD}.Debug|Any CPU.Build.0 = Debug|Any CPU
		{345B822A-CA9E-4EEC-AA51-46C99AE350DD}.Release|Any CPU.ActiveCfg = Release|Any CPU
		{345B822A-CA9E-4EEC-AA51-46C99AE350DD}.Release|Any CPU.Build.0 = Release|Any CPU
	EndGlobalSection
EndGlobal
